
Microsoft Visual Studio Solution File, Format Version 12.00
# Visual Studio Version 17
VisualStudioVersion = 17.11.35312.102
MinimumVisualStudioVersion = 10.0.40219.1
Project("{2150E333-8FDC-42A3-9474-1A3956D46DE8}") = "Task0", "Task0", "{21FF08CF-B134-476A-B790-C6429A3C29BD}"
EndProject
Project("{2150E333-8FDC-42A3-9474-1A3956D46DE8}") = "Task1", "Task1", "{580364E7-0DCB-490B-BFBA-40EAB4D064CC}"
EndProject
Project("{9A19103F-16F7-4668-BE54-9A1E7A4F7556}") = "Tyuiu.RyabtsevNE.Sprint4.Task1.V1", "Tyuiu.RyabtsevNE.Sprint4.Task1.V1\Tyuiu.RyabtsevNE.Sprint4.Task1.V1.csproj", "{5D0C254A-F09B-47DF-8AF6-8B2BCD4D4F82}"
EndProject
Project("{9A19103F-16F7-4668-BE54-9A1E7A4F7556}") = "Tyuiu.RyabtsevNE.Sprint4.Task1.V1.Lib", "Tyuiu.RyabtsevNE.Sprint4.Task1.V1.Lib\Tyuiu.RyabtsevNE.Sprint4.Task1.V1.Lib.csproj", "{B5DF3F84-6381-4159-89CE-7F0340C7975D}"
EndProject
Project("{9A19103F-16F7-4668-BE54-9A1E7A4F7556}") = "Tyuiu.RyabtsevNE.Sprint4.Task1.V1.Test", "Tyuiu.RyabtsevNE.Sprint4.Task1.V1.Test\Tyuiu.RyabtsevNE.Sprint4.Task1.V1.Test.csproj", "{E6C1307C-A054-4FB1-B844-BEA0DC95D5CF}"
EndProject
Project("{2150E333-8FDC-42A3-9474-1A3956D46DE8}") = "Task2", "Task2", "{5728EC08-8E53-46C0-A7F4-CEBBD346206A}"
EndProject
Project("{2150E333-8FDC-42A3-9474-1A3956D46DE8}") = "Task3", "Task3", "{19D9B46D-896F-473E-AC28-B7326BE5EF3E}"
EndProject
Project("{9A19103F-16F7-4668-BE54-9A1E7A4F7556}") = "Tyuiu.RyabtsevNE.Sprint4.Task3.V30", "Tyuiu.RyabtsevNE.Sprint4.Task3.V30\Tyuiu.RyabtsevNE.Sprint4.Task3.V30.csproj", "{95B32F7C-206C-4044-9B41-066D4A0D468C}"
EndProject
Project("{9A19103F-16F7-4668-BE54-9A1E7A4F7556}") = "Tyuiu.RyabtsevNE.Sprint4.Task3.V30.Lib", "Tyuiu.RyabtsevNE.Sprint4.Task3.V30.Lib\Tyuiu.RyabtsevNE.Sprint4.Task3.V30.Lib.csproj", "{B3D79886-8339-48FF-8F57-411A285B85C5}"
EndProject
Project("{9A19103F-16F7-4668-BE54-9A1E7A4F7556}") = "Tyuiu.RyabtsevNE.Sprint4.Task3.V30.Test", "Tyuiu.RyabtsevNE.Sprint4.Task3.V30.Test\Tyuiu.RyabtsevNE.Sprint4.Task3.V30.Test.csproj", "{5D5D5DB4-2257-4315-9C63-05D890A33121}"
EndProject
Project("{2150E333-8FDC-42A3-9474-1A3956D46DE8}") = "Task4", "Task4", "{E2302B8E-3E08-48B6-936F-E0A8DC8F2E0D}"
EndProject
Project("{9A19103F-16F7-4668-BE54-9A1E7A4F7556}") = "Tyuiu.RyabtsevNE.Sprint4.Task4.V26", "Tyuiu.RyabtsevNE.Sprint4.Task4.V26\Tyuiu.RyabtsevNE.Sprint4.Task4.V26.csproj", "{EBC53047-D7B5-45AA-967D-4F78C622C82C}"
EndProject
Project("{9A19103F-16F7-4668-BE54-9A1E7A4F7556}") = "Tyuiu.RyabtsevNE.Sprint4.Task4.V26.Lib", "Tyuiu.RyabtsevNE.Sprint4.Task4.V26.Lib\Tyuiu.RyabtsevNE.Sprint4.Task4.V26.Lib.csproj", "{C2F8C0C2-B144-4328-B096-9960404B32D3}"
EndProject
Project("{9A19103F-16F7-4668-BE54-9A1E7A4F7556}") = "Tyuiu.RyabtsevNE.Sprint4.Task4.V26.Test", "Tyuiu.RyabtsevNE.Sprint4.Task4.V26.Test\Tyuiu.RyabtsevNE.Sprint4.Task4.V26.Test.csproj", "{6D563F8B-4992-4A50-835E-A8B853FE6008}"
EndProject
Project("{9A19103F-16F7-4668-BE54-9A1E7A4F7556}") = "Tyuiu.RyabtsevNE.Sprint4.Task0.V16", "Tyuiu.RyabtsevNE.Sprint4.Task0.V16\Tyuiu.RyabtsevNE.Sprint4.Task0.V16.csproj", "{6B989B66-DDBB-489A-8C90-CFB932D3F6E1}"
EndProject
Project("{9A19103F-16F7-4668-BE54-9A1E7A4F7556}") = "Tyuiu.RyabtsevNE.Sprint4.Task0.V16.Lib", "Tyuiu.RyabtsevNE.Sprint4.Task0.V16.Lib\Tyuiu.RyabtsevNE.Sprint4.Task0.V16.Lib.csproj", "{97445EC4-7D87-412B-AB5A-A58C610585D2}"
EndProject
Project("{9A19103F-16F7-4668-BE54-9A1E7A4F7556}") = "Tyuiu.RyabtsevNE.Sprint4.Task0.V16.Test", "Tyuiu.RyabtsevNE.Sprint4.Task0.V16.Test\Tyuiu.RyabtsevNE.Sprint4.Task0.V16.Test.csproj", "{367F6832-5840-4F51-83FB-BCB596CBEE88}"
EndProject
Project("{9A19103F-16F7-4668-BE54-9A1E7A4F7556}") = "Tyuiu.RyabtsevNE.Sprint4.Task2.V14", "Tyuiu.RyabtsevNE.Sprint4.Task2.V14\Tyuiu.RyabtsevNE.Sprint4.Task2.V14.csproj", "{4BB14064-D3A0-4FA7-8871-39F8D03D977F}"
EndProject
Project("{9A19103F-16F7-4668-BE54-9A1E7A4F7556}") = "Tyuiu.RyabtsevNE.Sprint4.Task2.V14.Lib", "Tyuiu.RyabtsevNE.Sprint4.Task2.V14.Lib\Tyuiu.RyabtsevNE.Sprint4.Task2.V14.Lib.csproj", "{9503196F-C884-46C8-BF14-3FF1540D7843}"
EndProject
Project("{9A19103F-16F7-4668-BE54-9A1E7A4F7556}") = "Tyuiu.RyabtsevNE.Sprint4.Task2.V14.Test", "Tyuiu.RyabtsevNE.Sprint4.Task2.V14.Test\Tyuiu.RyabtsevNE.Sprint4.Task2.V14.Test.csproj", "{826B3157-38E1-4AC3-AB02-10029DCD9836}"
EndProject
Project("{2150E333-8FDC-42A3-9474-1A3956D46DE8}") = "Task5", "Task5", "{8F654C13-1E6F-4F80-A597-EE318735943F}"
EndProject
Project("{2150E333-8FDC-42A3-9474-1A3956D46DE8}") = "Task6", "Task6", "{8F0D8BDB-61A3-4CB5-89EA-FD560D2932AD}"
EndProject
Project("{2150E333-8FDC-42A3-9474-1A3956D46DE8}") = "Task7", "Task7", "{7C673339-9381-4F00-97E9-6C45E58B72BF}"
EndProject
Project("{9A19103F-16F7-4668-BE54-9A1E7A4F7556}") = "Tyuiu.RyabtsevNE.Sprint4.Task7.V22", "Tyuiu.RyabtsevNE.Sprint4.Task7.V22\Tyuiu.RyabtsevNE.Sprint4.Task7.V22.csproj", "{E56B063A-04E7-4DDC-9A60-A30D231BEA83}"
EndProject
Project("{9A19103F-16F7-4668-BE54-9A1E7A4F7556}") = "Tyuiu.RyabtsevNE.Sprint4.Task7.V22.Lib", "Tyuiu.RyabtsevNE.Sprint4.Task7.V22.Lib\Tyuiu.RyabtsevNE.Sprint4.Task7.V22.Lib.csproj", "{AD598470-B5F2-479D-BC90-656677990B5A}"
EndProject
Project("{9A19103F-16F7-4668-BE54-9A1E7A4F7556}") = "Tyuiu.RyabtsevNE.Sprint4.Task7.V22.Test", "Tyuiu.RyabtsevNE.Sprint4.Task7.V22.Test\Tyuiu.RyabtsevNE.Sprint4.Task7.V22.Test.csproj", "{C28DCC98-BE14-4751-A857-C41870966BF5}"
EndProject
Project("{FAE04EC0-301F-11D3-BF4B-00C04F79EFBC}") = "Tyuiu.RyabtsevNE.Sprint4.Task5.V10", "Tyuiu.RyabtsevNE.Sprint4.Task5.V10\Tyuiu.RyabtsevNE.Sprint4.Task5.V10.csproj", "{C99D2071-5F09-405E-A4CC-F259F4D052B4}"
EndProject
Project("{FAE04EC0-301F-11D3-BF4B-00C04F79EFBC}") = "Tyuiu.RyabtsevNE.Sprint4.Task5.V10.Lib", "Tyuiu.RyabtsevNE.Sprint4.Task5.V10.Lib\Tyuiu.RyabtsevNE.Sprint4.Task5.V10.Lib.csproj", "{DB898248-F18A-46DD-995F-A26752100F96}"
EndProject
Project("{FAE04EC0-301F-11D3-BF4B-00C04F79EFBC}") = "Tyuiu.RyabtsevNE.Sprint4.Task5.V10.Test", "Tyuiu.RyabtsevNE.Sprint4.Task5.V10.Test\Tyuiu.RyabtsevNE.Sprint4.Task5.V10.Test.csproj", "{E7CA678B-1022-49CD-9847-5390F266DAEE}"
EndProject
Project("{FAE04EC0-301F-11D3-BF4B-00C04F79EFBC}") = "Tyuiu.RyabtsevNE.Sprint4.Task6.V21", "Tyuiu.RyabtsevNE.Sprint4.Task6.V21\Tyuiu.RyabtsevNE.Sprint4.Task6.V21.csproj", "{59B0053E-D6BA-4BEC-915C-3A086CA9F670}"
EndProject
Project("{FAE04EC0-301F-11D3-BF4B-00C04F79EFBC}") = "Tyuiu.RyabtsevNE.Sprint4.Task6.V21.Lib", "Tyuiu.RyabtsevNE.Sprint4.Task6.V21.Lib\Tyuiu.RyabtsevNE.Sprint4.Task6.V21.Lib.csproj", "{43786358-5DA1-4E2C-9E9D-CCDC618F46B3}"
EndProject
Project("{FAE04EC0-301F-11D3-BF4B-00C04F79EFBC}") = "Tyuiu.RyabtsevNE.Sprint4.Task6.V21.Test", "Tyuiu.RyabtsevNE.Sprint4.Task6.V21.Test\Tyuiu.RyabtsevNE.Sprint4.Task6.V21.Test.csproj", "{E9C763AC-50FF-4C18-BFBB-B697EC0C256A}"
EndProject
Global
	GlobalSection(SolutionConfigurationPlatforms) = preSolution
		Debug|Any CPU = Debug|Any CPU
		Release|Any CPU = Release|Any CPU
	EndGlobalSection
	GlobalSection(ProjectConfigurationPlatforms) = postSolution
		{5D0C254A-F09B-47DF-8AF6-8B2BCD4D4F82}.Debug|Any CPU.ActiveCfg = Debug|Any CPU
		{5D0C254A-F09B-47DF-8AF6-8B2BCD4D4F82}.Debug|Any CPU.Build.0 = Debug|Any CPU
		{5D0C254A-F09B-47DF-8AF6-8B2BCD4D4F82}.Release|Any CPU.ActiveCfg = Release|Any CPU
		{5D0C254A-F09B-47DF-8AF6-8B2BCD4D4F82}.Release|Any CPU.Build.0 = Release|Any CPU
		{B5DF3F84-6381-4159-89CE-7F0340C7975D}.Debug|Any CPU.ActiveCfg = Debug|Any CPU
		{B5DF3F84-6381-4159-89CE-7F0340C7975D}.Debug|Any CPU.Build.0 = Debug|Any CPU
		{B5DF3F84-6381-4159-89CE-7F0340C7975D}.Release|Any CPU.ActiveCfg = Release|Any CPU
		{B5DF3F84-6381-4159-89CE-7F0340C7975D}.Release|Any CPU.Build.0 = Release|Any CPU
		{E6C1307C-A054-4FB1-B844-BEA0DC95D5CF}.Debug|Any CPU.ActiveCfg = Debug|Any CPU
		{E6C1307C-A054-4FB1-B844-BEA0DC95D5CF}.Debug|Any CPU.Build.0 = Debug|Any CPU
		{E6C1307C-A054-4FB1-B844-BEA0DC95D5CF}.Release|Any CPU.ActiveCfg = Release|Any CPU
		{E6C1307C-A054-4FB1-B844-BEA0DC95D5CF}.Release|Any CPU.Build.0 = Release|Any CPU
		{95B32F7C-206C-4044-9B41-066D4A0D468C}.Debug|Any CPU.ActiveCfg = Debug|Any CPU
		{95B32F7C-206C-4044-9B41-066D4A0D468C}.Debug|Any CPU.Build.0 = Debug|Any CPU
		{95B32F7C-206C-4044-9B41-066D4A0D468C}.Release|Any CPU.ActiveCfg = Release|Any CPU
		{95B32F7C-206C-4044-9B41-066D4A0D468C}.Release|Any CPU.Build.0 = Release|Any CPU
		{B3D79886-8339-48FF-8F57-411A285B85C5}.Debug|Any CPU.ActiveCfg = Debug|Any CPU
		{B3D79886-8339-48FF-8F57-411A285B85C5}.Debug|Any CPU.Build.0 = Debug|Any CPU
		{B3D79886-8339-48FF-8F57-411A285B85C5}.Release|Any CPU.ActiveCfg = Release|Any CPU
		{B3D79886-8339-48FF-8F57-411A285B85C5}.Release|Any CPU.Build.0 = Release|Any CPU
		{5D5D5DB4-2257-4315-9C63-05D890A33121}.Debug|Any CPU.ActiveCfg = Debug|Any CPU
		{5D5D5DB4-2257-4315-9C63-05D890A33121}.Debug|Any CPU.Build.0 = Debug|Any CPU
		{5D5D5DB4-2257-4315-9C63-05D890A33121}.Release|Any CPU.ActiveCfg = Release|Any CPU
		{5D5D5DB4-2257-4315-9C63-05D890A33121}.Release|Any CPU.Build.0 = Release|Any CPU
		{EBC53047-D7B5-45AA-967D-4F78C622C82C}.Debug|Any CPU.ActiveCfg = Debug|Any CPU
		{EBC53047-D7B5-45AA-967D-4F78C622C82C}.Debug|Any CPU.Build.0 = Debug|Any CPU
		{EBC53047-D7B5-45AA-967D-4F78C622C82C}.Release|Any CPU.ActiveCfg = Release|Any CPU
		{EBC53047-D7B5-45AA-967D-4F78C622C82C}.Release|Any CPU.Build.0 = Release|Any CPU
		{C2F8C0C2-B144-4328-B096-9960404B32D3}.Debug|Any CPU.ActiveCfg = Debug|Any CPU
		{C2F8C0C2-B144-4328-B096-9960404B32D3}.Debug|Any CPU.Build.0 = Debug|Any CPU
		{C2F8C0C2-B144-4328-B096-9960404B32D3}.Release|Any CPU.ActiveCfg = Release|Any CPU
		{C2F8C0C2-B144-4328-B096-9960404B32D3}.Release|Any CPU.Build.0 = Release|Any CPU
		{6D563F8B-4992-4A50-835E-A8B853FE6008}.Debug|Any CPU.ActiveCfg = Debug|Any CPU
		{6D563F8B-4992-4A50-835E-A8B853FE6008}.Debug|Any CPU.Build.0 = Debug|Any CPU
		{6D563F8B-4992-4A50-835E-A8B853FE6008}.Release|Any CPU.ActiveCfg = Release|Any CPU
		{6D563F8B-4992-4A50-835E-A8B853FE6008}.Release|Any CPU.Build.0 = Release|Any CPU
		{6B989B66-DDBB-489A-8C90-CFB932D3F6E1}.Debug|Any CPU.ActiveCfg = Debug|Any CPU
		{6B989B66-DDBB-489A-8C90-CFB932D3F6E1}.Debug|Any CPU.Build.0 = Debug|Any CPU
		{6B989B66-DDBB-489A-8C90-CFB932D3F6E1}.Release|Any CPU.ActiveCfg = Release|Any CPU
		{6B989B66-DDBB-489A-8C90-CFB932D3F6E1}.Release|Any CPU.Build.0 = Release|Any CPU
		{97445EC4-7D87-412B-AB5A-A58C610585D2}.Debug|Any CPU.ActiveCfg = Debug|Any CPU
		{97445EC4-7D87-412B-AB5A-A58C610585D2}.Debug|Any CPU.Build.0 = Debug|Any CPU
		{97445EC4-7D87-412B-AB5A-A58C610585D2}.Release|Any CPU.ActiveCfg = Release|Any CPU
		{97445EC4-7D87-412B-AB5A-A58C610585D2}.Release|Any CPU.Build.0 = Release|Any CPU
		{367F6832-5840-4F51-83FB-BCB596CBEE88}.Debug|Any CPU.ActiveCfg = Debug|Any CPU
		{367F6832-5840-4F51-83FB-BCB596CBEE88}.Debug|Any CPU.Build.0 = Debug|Any CPU
		{367F6832-5840-4F51-83FB-BCB596CBEE88}.Release|Any CPU.ActiveCfg = Release|Any CPU
		{367F6832-5840-4F51-83FB-BCB596CBEE88}.Release|Any CPU.Build.0 = Release|Any CPU
		{4BB14064-D3A0-4FA7-8871-39F8D03D977F}.Debug|Any CPU.ActiveCfg = Debug|Any CPU
		{4BB14064-D3A0-4FA7-8871-39F8D03D977F}.Debug|Any CPU.Build.0 = Debug|Any CPU
		{4BB14064-D3A0-4FA7-8871-39F8D03D977F}.Release|Any CPU.ActiveCfg = Release|Any CPU
		{4BB14064-D3A0-4FA7-8871-39F8D03D977F}.Release|Any CPU.Build.0 = Release|Any CPU
		{9503196F-C884-46C8-BF14-3FF1540D7843}.Debug|Any CPU.ActiveCfg = Debug|Any CPU
		{9503196F-C884-46C8-BF14-3FF1540D7843}.Debug|Any CPU.Build.0 = Debug|Any CPU
		{9503196F-C884-46C8-BF14-3FF1540D7843}.Release|Any CPU.ActiveCfg = Release|Any CPU
		{9503196F-C884-46C8-BF14-3FF1540D7843}.Release|Any CPU.Build.0 = Release|Any CPU
		{826B3157-38E1-4AC3-AB02-10029DCD9836}.Debug|Any CPU.ActiveCfg = Debug|Any CPU
		{826B3157-38E1-4AC3-AB02-10029DCD9836}.Debug|Any CPU.Build.0 = Debug|Any CPU
		{826B3157-38E1-4AC3-AB02-10029DCD9836}.Release|Any CPU.ActiveCfg = Release|Any CPU
		{826B3157-38E1-4AC3-AB02-10029DCD9836}.Release|Any CPU.Build.0 = Release|Any CPU
		{E56B063A-04E7-4DDC-9A60-A30D231BEA83}.Debug|Any CPU.ActiveCfg = Debug|Any CPU
		{E56B063A-04E7-4DDC-9A60-A30D231BEA83}.Debug|Any CPU.Build.0 = Debug|Any CPU
		{E56B063A-04E7-4DDC-9A60-A30D231BEA83}.Release|Any CPU.ActiveCfg = Release|Any CPU
		{E56B063A-04E7-4DDC-9A60-A30D231BEA83}.Release|Any CPU.Build.0 = Release|Any CPU
		{AD598470-B5F2-479D-BC90-656677990B5A}.Debug|Any CPU.ActiveCfg = Debug|Any CPU
		{AD598470-B5F2-479D-BC90-656677990B5A}.Debug|Any CPU.Build.0 = Debug|Any CPU
		{AD598470-B5F2-479D-BC90-656677990B5A}.Release|Any CPU.ActiveCfg = Release|Any CPU
		{AD598470-B5F2-479D-BC90-656677990B5A}.Release|Any CPU.Build.0 = Release|Any CPU
		{C28DCC98-BE14-4751-A857-C41870966BF5}.Debug|Any CPU.ActiveCfg = Debug|Any CPU
		{C28DCC98-BE14-4751-A857-C41870966BF5}.Debug|Any CPU.Build.0 = Debug|Any CPU
		{C28DCC98-BE14-4751-A857-C41870966BF5}.Release|Any CPU.ActiveCfg = Release|Any CPU
		{C28DCC98-BE14-4751-A857-C41870966BF5}.Release|Any CPU.Build.0 = Release|Any CPU
		{C99D2071-5F09-405E-A4CC-F259F4D052B4}.Debug|Any CPU.ActiveCfg = Debug|Any CPU
		{C99D2071-5F09-405E-A4CC-F259F4D052B4}.Debug|Any CPU.Build.0 = Debug|Any CPU
		{C99D2071-5F09-405E-A4CC-F259F4D052B4}.Release|Any CPU.ActiveCfg = Release|Any CPU
		{C99D2071-5F09-405E-A4CC-F259F4D052B4}.Release|Any CPU.Build.0 = Release|Any CPU
		{DB898248-F18A-46DD-995F-A26752100F96}.Debug|Any CPU.ActiveCfg = Debug|Any CPU
		{DB898248-F18A-46DD-995F-A26752100F96}.Debug|Any CPU.Build.0 = Debug|Any CPU
		{DB898248-F18A-46DD-995F-A26752100F96}.Release|Any CPU.ActiveCfg = Release|Any CPU
		{DB898248-F18A-46DD-995F-A26752100F96}.Release|Any CPU.Build.0 = Release|Any CPU
		{E7CA678B-1022-49CD-9847-5390F266DAEE}.Debug|Any CPU.ActiveCfg = Debug|Any CPU
		{E7CA678B-1022-49CD-9847-5390F266DAEE}.Debug|Any CPU.Build.0 = Debug|Any CPU
		{E7CA678B-1022-49CD-9847-5390F266DAEE}.Release|Any CPU.ActiveCfg = Release|Any CPU
		{E7CA678B-1022-49CD-9847-5390F266DAEE}.Release|Any CPU.Build.0 = Release|Any CPU
		{59B0053E-D6BA-4BEC-915C-3A086CA9F670}.Debug|Any CPU.ActiveCfg = Debug|Any CPU
		{59B0053E-D6BA-4BEC-915C-3A086CA9F670}.Debug|Any CPU.Build.0 = Debug|Any CPU
		{59B0053E-D6BA-4BEC-915C-3A086CA9F670}.Release|Any CPU.ActiveCfg = Release|Any CPU
		{59B0053E-D6BA-4BEC-915C-3A086CA9F670}.Release|Any CPU.Build.0 = Release|Any CPU
		{43786358-5DA1-4E2C-9E9D-CCDC618F46B3}.Debug|Any CPU.ActiveCfg = Debug|Any CPU
		{43786358-5DA1-4E2C-9E9D-CCDC618F46B3}.Debug|Any CPU.Build.0 = Debug|Any CPU
		{43786358-5DA1-4E2C-9E9D-CCDC618F46B3}.Release|Any CPU.ActiveCfg = Release|Any CPU
		{43786358-5DA1-4E2C-9E9D-CCDC618F46B3}.Release|Any CPU.Build.0 = Release|Any CPU
		{E9C763AC-50FF-4C18-BFBB-B697EC0C256A}.Debug|Any CPU.ActiveCfg = Debug|Any CPU
		{E9C763AC-50FF-4C18-BFBB-B697EC0C256A}.Debug|Any CPU.Build.0 = Debug|Any CPU
		{E9C763AC-50FF-4C18-BFBB-B697EC0C256A}.Release|Any CPU.ActiveCfg = Release|Any CPU
		{E9C763AC-50FF-4C18-BFBB-B697EC0C256A}.Release|Any CPU.Build.0 = Release|Any CPU
	EndGlobalSection
	GlobalSection(SolutionProperties) = preSolution
		HideSolutionNode = FALSE
	EndGlobalSection
	GlobalSection(NestedProjects) = preSolution
		{5D0C254A-F09B-47DF-8AF6-8B2BCD4D4F82} = {580364E7-0DCB-490B-BFBA-40EAB4D064CC}
		{B5DF3F84-6381-4159-89CE-7F0340C7975D} = {580364E7-0DCB-490B-BFBA-40EAB4D064CC}
		{E6C1307C-A054-4FB1-B844-BEA0DC95D5CF} = {580364E7-0DCB-490B-BFBA-40EAB4D064CC}
		{95B32F7C-206C-4044-9B41-066D4A0D468C} = {19D9B46D-896F-473E-AC28-B7326BE5EF3E}
		{B3D79886-8339-48FF-8F57-411A285B85C5} = {19D9B46D-896F-473E-AC28-B7326BE5EF3E}
		{5D5D5DB4-2257-4315-9C63-05D890A33121} = {19D9B46D-896F-473E-AC28-B7326BE5EF3E}
		{EBC53047-D7B5-45AA-967D-4F78C622C82C} = {E2302B8E-3E08-48B6-936F-E0A8DC8F2E0D}
		{C2F8C0C2-B144-4328-B096-9960404B32D3} = {E2302B8E-3E08-48B6-936F-E0A8DC8F2E0D}
		{6D563F8B-4992-4A50-835E-A8B853FE6008} = {E2302B8E-3E08-48B6-936F-E0A8DC8F2E0D}
		{6B989B66-DDBB-489A-8C90-CFB932D3F6E1} = {21FF08CF-B134-476A-B790-C6429A3C29BD}
		{97445EC4-7D87-412B-AB5A-A58C610585D2} = {21FF08CF-B134-476A-B790-C6429A3C29BD}
		{367F6832-5840-4F51-83FB-BCB596CBEE88} = {21FF08CF-B134-476A-B790-C6429A3C29BD}
		{4BB14064-D3A0-4FA7-8871-39F8D03D977F} = {5728EC08-8E53-46C0-A7F4-CEBBD346206A}
		{9503196F-C884-46C8-BF14-3FF1540D7843} = {5728EC08-8E53-46C0-A7F4-CEBBD346206A}
		{826B3157-38E1-4AC3-AB02-10029DCD9836} = {5728EC08-8E53-46C0-A7F4-CEBBD346206A}
		{E56B063A-04E7-4DDC-9A60-A30D231BEA83} = {7C673339-9381-4F00-97E9-6C45E58B72BF}
		{AD598470-B5F2-479D-BC90-656677990B5A} = {7C673339-9381-4F00-97E9-6C45E58B72BF}
		{C28DCC98-BE14-4751-A857-C41870966BF5} = {7C673339-9381-4F00-97E9-6C45E58B72BF}
		{C99D2071-5F09-405E-A4CC-F259F4D052B4} = {8F654C13-1E6F-4F80-A597-EE318735943F}
		{DB898248-F18A-46DD-995F-A26752100F96} = {8F654C13-1E6F-4F80-A597-EE318735943F}
		{E7CA678B-1022-49CD-9847-5390F266DAEE} = {8F654C13-1E6F-4F80-A597-EE318735943F}
		{59B0053E-D6BA-4BEC-915C-3A086CA9F670} = {8F0D8BDB-61A3-4CB5-89EA-FD560D2932AD}
		{43786358-5DA1-4E2C-9E9D-CCDC618F46B3} = {8F0D8BDB-61A3-4CB5-89EA-FD560D2932AD}
		{E9C763AC-50FF-4C18-BFBB-B697EC0C256A} = {8F0D8BDB-61A3-4CB5-89EA-FD560D2932AD}
	EndGlobalSection
	GlobalSection(ExtensibilityGlobals) = postSolution
		SolutionGuid = {65CA8D33-0622-4C18-96FC-4CDDF5298EBB}
	EndGlobalSection
EndGlobal
